
Microsoft Visual Studio Solution File, Format Version 12.00
Project("{FAE04EC0-301F-11D3-BF4B-00C04F79EFBC}") = "TwitchParser", "TwitchParser\TwitchParser.csproj", "{D2730FBB-64D0-4FBC-B6B5-14AA8C47CB61}"
EndProject
Global
	GlobalSection(SolutionConfigurationPlatforms) = preSolution
		Debug|Any CPU = Debug|Any CPU
		Release|Any CPU = Release|Any CPU
	EndGlobalSection
	GlobalSection(ProjectConfigurationPlatforms) = postSolution
		{D2730FBB-64D0-4FBC-B6B5-14AA8C47CB61}.Debug|Any CPU.ActiveCfg = Debug|Any CPU
		{D2730FBB-64D0-4FBC-B6B5-14AA8C47CB61}.Debug|Any CPU.Build.0 = Debug|Any CPU
		{D2730FBB-64D0-4FBC-B6B5-14AA8C47CB61}.Release|Any CPU.ActiveCfg = Release|Any CPU
		{D2730FBB-64D0-4FBC-B6B5-14AA8C47CB61}.Release|Any CPU.Build.0 = Release|Any CPU
	EndGlobalSection
EndGlobal
